{
    "_meta": {
        "hash": {
            "sha256": "bb8e3df9347b7deed14399b95b4c4a435c3a36021b8b0fa872bda9dffb5c69ed"
        },
        "pipfile-spec": 6,
        "requires": {
            "python_version": "3.7"
        },
        "sources": [
            {
                "name": "pypi",
                "url": "https://pypi.org/simple",
                "verify_ssl": true
            }
        ]
    },
    "default": {
        "argparse": {
            "hashes": [
                "sha256:62b089a55be1d8949cd2bc7e0df0bddb9e028faefc8c32038cc84862aefdd6e4",
                "sha256:c31647edb69fd3d465a847ea3157d37bed1f95f19760b11a47aa91c04b666314"
            ],
            "index": "pypi",
            "version": "==1.4.0"
        },
        "backcall": {
            "hashes": [
                "sha256:5cbdbf27be5e7cfadb448baf0aa95508f91f2bbc6c6437cd9cd06e2a4c215e1e",
                "sha256:fbbce6a29f263178a1f7915c1940bde0ec2b2a967566fe1c65c1dfb7422bd255"
            ],
            "version": "==0.2.0"
        },
        "colour": {
            "hashes": [
                "sha256:33f6db9d564fadc16e59921a56999b79571160ce09916303d35346dddc17978c",
                "sha256:af20120fefd2afede8b001fbef2ea9da70ad7d49fafdb6489025dae8745c3aee"
            ],
            "index": "pypi",
            "version": "==0.1.5"
        },
        "decorator": {
            "hashes": [
                "sha256:637996211036b6385ef91435e4fae22989472f9d571faba8927ba8253acbc330",
                "sha256:b8c3f85900b9dc423225913c5aace94729fe1fa9763b38939a95226f02d37186"
            ],
            "markers": "python_version >= '3.5'",
            "version": "==5.1.1"
        },
        "glcontext": {
            "hashes": [
                "sha256:03b3925472771607d13feb9a0de93b04408ae86c91eee3f5e09e43744f90b1af",
                "sha256:03b505fc8ce2dfcf800feac0e20cbb7b1899a5ef7407fa0cccb3267a5b2abbdb",
                "sha256:058bf839884b5d5d8488978ed804023be64fc9bafb674a0ede1ba26c05bd9146",
                "sha256:088482e07aed6229a34fbb1d0c5fbe0ad9c413dbddb5eaaa8e5c83d933cbe8d6",
                "sha256:0961811d85ac551b1ce1f197296a8e5f497b35a149cfc6e128f74dfaef5e592f",
                "sha256:155154084bdedfc8904524d8bd212e5896cc5d5caf1d45c19d13dc34aee4b5ab",
                "sha256:1716d21d423a1a2261cd717bc66714eeb5464d6a061b92678f356ca69cfd1255",
                "sha256:1f1656e931c937f8bdce12c551fa0077db814b123e7f16b6db26e1e7c89dae16",
                "sha256:2fae2d4bcb0564e0eb8e72c97e149faebfad369aeaef74ed7fd17f5f84a07428",
                "sha256:376e12d230fd198a329dfe253b41480b0a015a2dabbac5eecf6b279fe3afb1b3",
                "sha256:3dc6a6133bffc33cb75bbc79dc08bd1e206017ac69ec68f703227aaf5f5129bb",
                "sha256:3ff822473d498d606424f92a341d01121562af35bf1d3d0e2ccd1f9c2f86859b",
                "sha256:440ff5f59f318ce495c6bdddfa01a23dd64713fb960ceb87c3a9423745781d47",
                "sha256:44f7dbf800e6f933a5c56e07b18ef70f44949f34bf57f5d5318e2199c12cbfbc",
                "sha256:46ef33b616027a616dcceba33bc48e589ba24fa84ee43c5b8611c5b57d2dace3",
                "sha256:4d18b3e9e9259595dd5c538c1fd9238f8b26c22d6351397e721ef8a89ad55f12",
                "sha256:51e04b162529f99c7b764129e07aaa3ec8edfc63ca7a212b71e348319f8b821b",
                "sha256:59580776fd7e520995b82a6134c8ca7152a7881e174077fc785f4cc69c476d69",
                "sha256:5a4cc4fef74dcab0b428ef750fad3c05311657ffb4f1dd3d4afa75e664551588",
                "sha256:65bf63b2068e13183e34a4beaf921f20cd144a25cebed0fa9a46f25e8b47577d",
                "sha256:6df4cf354adb911a9ca58bc5c60fb1ae27544527878bc3ddf8f7ea56946c6fcc",
                "sha256:755698083c6119e771ea3f5837143324636700e1e5b397885c05085a837d5876",
                "sha256:79e561b67e606b6e13ba58e6ae3e688e3429dbb5d60e551ba40d649432044f37",
                "sha256:7dc827f119ccc3ea55b7bec73573516117c55319edc93bc2bbcf389bf1e7acfe",
                "sha256:82eff3e5664c5a17fc0cbb1dae2c32088cdd3c3bfbfe4b9c71012275c2a63e8e",
                "sha256:84dc3b831af386cb20cae8fb10ac78d8007bb29118730db2e9f21c329a528028",
                "sha256:867fe03c1c241d2416b719e23d1671537e34e03bab741dcc50d49298c1397073",
                "sha256:87c90b525296c4930b1f74bf460b97af052c3cc9ba47d811f416ed82e1b16b03",
                "sha256:891b56a3bbaf3470595c218e847e79448e95cecb412224c8585da640c61cf29a",
                "sha256:89869925f4e1762878561fa1e3cbd1ee5ce73e5597275b5fc8bc054dd894fca4",
                "sha256:8aa90a648f17bacacef95b09a5fab368e8feff3714fc4b81eb9374bd439850e6",
                "sha256:8ece87d8616bf12e55a08a05159f4303c8b82d348c2c43c7297c85d8e95dfa3e",
                "sha256:94e47dd8cf39cabe20b41dd0c4c6589f0c7a4de2a5bad8e51ab0fc0b4a26ae6b",
                "sha256:a22a3fbb3abefd7a9f5a672af8fccb8d8d996b2eae2075ac9d8ca10f4a6f6653",
                "sha256:a349317c9d634aa56e30aae9ad408bc1b9de281af0e4f87de682b454ebaf540e",
                "sha256:ab8147607af85fc2ec2e02b4364ff36b636f63781295e74220dc5c5856794e07",
                "sha256:ae930d226f9145ec580f3fe10fc23262b8c21a6a0cd6fbc081a6606e9000ce74",
                "sha256:b5dcd68b23b1a549a3b0851d3621630e492ff9015a18f29f2512088b4e03e4d9",
                "sha256:b85c873315741dbc208c199cbe449aa77d1831551dd78d9b3d67e0a6f9eb576d",
                "sha256:bb2d0503f45ad85ca7319bd37fd983e374b3f824c38a450b5f72cfc974114156",
                "sha256:bc906a19be96d2820dee8e681ca1d3129821eb6e5c4f1544db723edf0c0696bd",
                "sha256:cc73099fa7525a20e2021a2f2befa61e9ef306364838c1859ba79f5bd8eda33a",
                "sha256:d986976c9b758d60d966fbaf8bdff129d125e8b2c58889d2220ca96991f1071e",
                "sha256:e48550269c3baff04cc46ca79bd9d2d5a62216665751b10aa86d95ebe182d319",
                "sha256:ef0c7e534e53f14b7b09dc3fe1e207243c9bb3eb2543d9876ed253156ca7a8bf",
                "sha256:f1444229f84a7aea48ce3f1143147acee92eee264826db4c41ea38c6b0a924a9",
                "sha256:f17be52c99e3eaeefaaac780bde40bfa99be3ad32bbfed346bb347c9d0b01967",
                "sha256:f234ebcc3355155811389c320974056ce20233770205fc7cb41d8653d6137efa",
                "sha256:fa4595600a699ed13e854b87116a1519a25e47a10100df01650c1be3532bd629",
                "sha256:fd03d6d8dbfdd9bab97ada98759e345b29d50f690cec95dd01d22d02f616bfea"
            ],
            "version": "==2.3.7"
        },
        "ipython": {
            "hashes": [
                "sha256:ca478e52ae1f88da0102360e57e528b92f3ae4316aabac80a2cd7f7ab2efb48a",
                "sha256:eb8d075de37f678424527b5ef6ea23f7b80240ca031c2dd6de5879d687a65333"
            ],
            "index": "pypi",
            "version": "==7.13.0"
        },
        "jedi": {
            "hashes": [
                "sha256:203c1fd9d969ab8f2119ec0a3342e0b49910045abe6af0a3ae83a5764d54639e",
                "sha256:bae794c30d07f6d910d32a7048af09b5a39ed740918da923c6b780790ebac612"
            ],
            "markers": "python_version >= '3.6'",
            "version": "==0.18.2"
        },
        "mapbox-earcut": {
            "hashes": [
                "sha256:159f607c330b58c0d80bda2fe3b904a30d3f6cb360598b196f4090968231c491",
                "sha256:5620717ae260d88ea4847a11147a1d31f7e4d0149d972eee7b6d8478062cb552",
                "sha256:662207e5627deb10fb464ef6b73fdd3621d6bf65cbe6cdf0af734fbf8cca3b9c",
                "sha256:7efdc4a4f2ac96bf26087043ba14cb80df0ec6829539afa725e6f633a373995f",
                "sha256:c72dbde597b4fd8b0512bb3e5354dbc341e5082342709ad7244cc02a54242160",
                "sha256:dbddc079b9ba9b458bb5d2ad0bfe0364ae2803b1d9520411e0cf0ee32d5993c8",
                "sha256:e4cbfbc1181d5bb0f37eb0f359531b70bd94d64090b45bfa3c2b03ecaa29ceff",
                "sha256:f310863fedadc6ce9f258a87fe4938c51e596857905970d6c71b2f154f0a3ad3",
                "sha256:f63f9d88c9a35f8ecf18d698ab73af154e900b71eacec9ef716a71fa69da5012",
                "sha256:fab22738446d5b9be77536937aa3a2654f75c3558e224e68f8b188e12aa57d3f"
            ],
            "index": "pypi",
            "version": "==0.12.7"
        },
        "moderngl": {
            "hashes": [
                "sha256:05694556ee40a52492846ed106459592c39a97c0ac0a9c902539437d527d7b6f",
                "sha256:2a72442e99008c46391f485ea255a62b0573483bf5e61082c80803ddc4bd48c0",
                "sha256:45f787c5a5e05b38862d693d433a76843cb716395caaf01c970b14d6004038cf",
                "sha256:46bd2fbea2833be86232b6d2a836428e8b2bac6be6ecb8635c81d947f41977c5",
                "sha256:4f5ae786a2389438714fb8559552853c7355d2585c48855673b35da5949a681a",
                "sha256:5f4b401703f236b9b107681843e07d50c66e5f9f0b9d91ea9a83c5d22f57df16",
                "sha256:63b4eaa9ac1e3f7360ff604a3238cac1ecad041a6cc8519a4982653fbfa8e88c",
                "sha256:6fea9174d0de4d6bf17f149a5228a0385a09adcbd9a2f8af12cd9d569fab4fd0",
                "sha256:7a047e613bed5b6125719e9b652c41d8672eae221c75dcf8f0bcc68f48b2371f",
                "sha256:7df6829badb509486a4fd137404ceffc4b59cab2f71bde4ceea5d09a7c7faa54",
                "sha256:92269e4e1df5ea35e59f93826dec9df73772d51ab729ffcc36263e2c747eb84f",
                "sha256:9fa1f5661335f9404b569f3f7793e0d2bc5ea25e71e11ff40445e5d78d17c0ef",
                "sha256:ac7348d26e6644c3c053ce7955727ac69b22d29a4a8bacfe0710ab57d8b70529",
                "sha256:ba577a79927de9323fa1163814bdbf0b11b17590ab259aa288ec7ffdf8a2e0c9",
                "sha256:be1c62d162a6eea2f4e74f7904ea913247b498d2082d7ec47758155682cbf2c3",
                "sha256:d43e1814067217880b4a52744a2ee2f14886ac67e3a7e06223c5b63d00950a21",
                "sha256:e1df701534c41cab4504cb7d37bf13362debe9ad76e1e651e5a1f4776e8535ff",
                "sha256:e73300076177de2218fb7e4cbe66f61606ce0ed4cbd78c6d05dd8530749d5a42",
                "sha256:f47e8b58138259d6d5251774f38ffa2100a67abd7a8a0ad2bb8353c6c7bd83dc",
                "sha256:f86999a3c2950ccc5adf8f75137061cb2bb2184177b2aab1e87507e4f6001493"
            ],
            "index": "pypi",
            "version": "==5.6.0"
        },
        "moderngl-window": {
            "hashes": [
                "sha256:22b2ecc19eea329e32930870acbf681c2664b181221fcbcd461a475ee02b8864"
            ],
            "index": "pypi",
            "version": "==2.1.0"
        },
        "multipledispatch": {
            "hashes": [
                "sha256:407e6d8c5fa27075968ba07c4db3ef5f02bea4e871e959570eeb69ee39a6565b",
                "sha256:a55c512128fb3f7c2efd2533f2550accb93c35f1045242ef74645fc92a2c3cba",
                "sha256:a7ab1451fd0bf9b92cab3edbd7b205622fb767aeefb4fb536c2e3de9e0a38bea"
            ],
            "version": "==0.6.0"
        },
        "numpy": {
            "hashes": [
                "sha256:0778076e764e146d3078b17c24c4d89e0ecd4ac5401beff8e1c87879043a0633",
                "sha256:141c7102f20abe6cf0d54c4ced8d565b86df4d3077ba2343b61a6db996cefec7",
                "sha256:14270a1ee8917d11e7753fb54fc7ffd1934f4d529235beec0b275e2ccf00333b",
                "sha256:27e11c7a8ec9d5838bc59f809bfa86efc8a4fd02e58960fa9c49d998e14332d5",
                "sha256:2a04dda79606f3d2f760384c38ccd3d5b9bb79d4c8126b67aff5eb09a253763e",
                "sha256:3c26010c1b51e1224a3ca6b8df807de6e95128b0908c7e34f190e7775455b0ca",
                "sha256:52c40f1a4262c896420c6ea1c6fda62cf67070e3947e3307f5562bd783a90336",
                "sha256:6e4f8d9e8aa79321657079b9ac03f3cf3fd067bf31c1cca4f56d49543f4356a5",
                "sha256:7242be12a58fec245ee9734e625964b97cf7e3f2f7d016603f9e56660ce479c7",
                "sha256:7dc253b542bfd4b4eb88d9dbae4ca079e7bf2e2afd819ee18891a43db66c60c7",
                "sha256:94f5bd885f67bbb25c82d80184abbf7ce4f6c3c3a41fbaa4182f034bba803e69",
                "sha256:a89e188daa119ffa0d03ce5123dee3f8ffd5115c896c2a9d4f0dbb3d8b95bfa3",
                "sha256:ad3399da9b0ca36e2f24de72f67ab2854a62e623274607e37e0ce5f5d5fa9166",
                "sha256:b0348be89275fd1d4c44ffa39530c41a21062f52299b1e3ee7d1c61f060044b8",
                "sha256:b5554368e4ede1856121b0dfa35ce71768102e4aa55e526cb8de7f374ff78722",
                "sha256:cbddc56b2502d3f87fda4f98d948eb5b11f36ff3902e17cb6cc44727f2200525",
                "sha256:d79f18f41751725c56eceab2a886f021d70fd70a6188fd386e29a045945ffc10",
                "sha256:dc2ca26a19ab32dc475dbad9dfe723d3a64c835f4c23f625c2b6566ca32b9f29",
                "sha256:dd9bcd4f294eb0633bb33d1a74febdd2b9018b8b8ed325f861fffcd2c7660bb8",
                "sha256:e8baab1bc7c9152715844f1faca6744f2416929de10d7639ed49555a85549f52",
                "sha256:ec31fe12668af687b99acf1567399632a7c47b0e17cfb9ae47c098644ef36797",
                "sha256:f12b4f7e2d8f9da3141564e6737d79016fe5336cc92de6814eba579744f65b0a",
                "sha256:f58ac38d5ca045a377b3b377c84df8175ab992c970a53332fa8ac2373df44ff7"
            ],
            "index": "pypi",
            "version": "==1.16.4"
        },
        "opencv-python": {
            "hashes": [
                "sha256:0495e9247fbbd5d88346bb4d480df27fb4000aa4799b5a15b1735968a94a5189",
                "sha256:078e8ea34d06b3fa459c58a6ce966ef715cc2e913b7bd96a46beb345975aa5d6",
                "sha256:0dbbd0348c8282d4e3cf472a8e2a17785f05c22a55647253fa00b539897f8fcc",
                "sha256:1b302b4721ca2d55ae7e9e80acebd73499c16a82be9bebc563a7937dbd348b2d",
                "sha256:1f035595ef2f296c234c2b8b9659162646b9312afd0cec7ab0217bad915ff068",
                "sha256:1f7fa5433c26c637cf923c59025df12fcd56b2d205da178c7ad6954e6e50912e",
                "sha256:20bd10b6f6f5de1a5e796900ab77ea57366139290f426d2039d3919d8ddf9f1c",
                "sha256:2306ddd98aa52688c9667f8080349d653d465a2b838cbacb19561286046ba1e8",
                "sha256:31945ea9e7324c41be925f2b21fcb523844b2399dc649010f3a3e97825dcfcd0",
                "sha256:36680744ebdc66a9da0a65f1f33ec9cf5d26a98749c5701dc612b334b213997d",
                "sha256:409e3a4c925accd68a5ab1cef21dd04b957c0ee2985db8f075a808dccd6e0f73",
                "sha256:440a093dda50daf093d73aae2dd333c9e4a593cfe7df8cbc298b421d313e263f",
                "sha256:4b0465c3df9dea074583b6b4f8cf22e5902c5c5ec213a479c6c834a8a0191cf7",
                "sha256:4b5902b647e66addfa5218dbc75e7a4de2f46c253ea17b234408f5792cfc8d7f",
                "sha256:4f0a5c098aad4df88ce7dc3828a857921368635e3a961e80431e60f3522a99be",
                "sha256:6df586230f9146afde5b8e2f4511978f8fb6172bf0f47ba290423979baae974d",
                "sha256:6e4fee2ee2bc4d911dad78e2b167da97796879aaade4be3ff42ff1993e250b15",
                "sha256:70f3c6fe31af7c00c60cb91bb7351837ba6c7b3d173b855ca5dbe265b90a1606",
                "sha256:78390d93834b6b7c9d9234dba68ba9c34a966f60e519efd2691e5c367dee7f8e",
                "sha256:81519bba8560c68f587482c157a74cf04d5a2877d4367377d2671e66eb7a3961",
                "sha256:87beeb6ad4ffcd6fbfbb464a8a75c7a1389a0642cc632ecceb504c86139567e3",
                "sha256:a354096290dd57ddb2664e7b21ddb6c6c2f5297cc4d8a402ce3f6a82a24807e3",
                "sha256:a4635e22637181b478d6ad337c94b596c98c16bdbae92ef90514bbf31e30ef3a",
                "sha256:b23359c21c4eb84f28fbe1331723bbf1ebc34125f22480da4b16cfae989a3249",
                "sha256:ba52829eafab59c5260bec012fad0e26bd05389828af0e316e278912c82dab32",
                "sha256:c672596fa261766d6d0cc02377755558b92dee80a64ee8dd6f58f4e56bf7835d",
                "sha256:fd6ac9a11faa5d1cbf014d059dd890ad6f0583f149e780ff7d0d3d47e68438d6"
            ],
            "index": "pypi",
            "version": "==3.4.2.17"
        },
        "parso": {
            "hashes": [
                "sha256:8c07be290bb59f03588915921e29e8a50002acaf2cdc5fa0e0114f91709fafa0",
                "sha256:c001d4636cd3aecdaf33cbb40aebb59b094be2a74c556778ef5576c175e19e75"
            ],
            "markers": "python_version >= '3.6'",
            "version": "==0.8.3"
        },
        "pexpect": {
            "hashes": [
                "sha256:0b48a55dcb3c05f3329815901ea4fc1537514d6ba867a152b581d69ae3710937",
                "sha256:fc65a43959d153d0114afe13997d439c22823a27cefceb5ff35c2178c6784c0c"
            ],
            "markers": "sys_platform != 'win32'",
            "version": "==4.8.0"
        },
        "pickleshare": {
            "hashes": [
                "sha256:87683d47965c1da65cdacaf31c8441d12b8044cdec9aca500cd78fc2c683afca",
                "sha256:9649af414d74d4df115d5d718f82acb59c9d418196b7b4290ed47a12ce62df56"
            ],
            "version": "==0.7.5"
        },
        "pillow": {
            "hashes": [
                "sha256:03150abd92771742d4a8cd6f2fa6246d847dcd2e332a18d0c15cc75bf6703040",
                "sha256:073adb2ae23431d3b9bcbcff3fe698b62ed47211d0716b067385538a1b0f28b8",
                "sha256:0b07fffc13f474264c336298d1b4ce01d9c5a011415b79d4ee5527bb69ae6f65",
                "sha256:0b7257127d646ff8676ec8a15520013a698d1fdc48bc2a79ba4e53df792526f2",
                "sha256:12ce4932caf2ddf3e41d17fc9c02d67126935a44b86df6a206cf0d7161548627",
                "sha256:15c42fb9dea42465dfd902fb0ecf584b8848ceb28b41ee2b58f866411be33f07",
                "sha256:18498994b29e1cf86d505edcb7edbe814d133d2232d256db8c7a8ceb34d18cef",
                "sha256:1c7c8ae3864846fc95f4611c78129301e203aaa2af813b703c55d10cc1628535",
                "sha256:22b012ea2d065fd163ca096f4e37e47cd8b59cf4b0fd47bfca6abb93df70b34c",
                "sha256:276a5ca930c913f714e372b2591a22c4bd3b81a418c0f6635ba832daec1cbcfc",
                "sha256:2e0918e03aa0c72ea56edbb00d4d664294815aa11291a11504a377ea018330d3",
                "sha256:3033fbe1feb1b59394615a1cafaee85e49d01b51d54de0cbf6aa8e64182518a1",
                "sha256:3168434d303babf495d4ba58fc22d6604f6e2afb97adc6a423e917dab828939c",
                "sha256:32a44128c4bdca7f31de5be641187367fe2a450ad83b833ef78910397db491aa",
                "sha256:3dd6caf940756101205dffc5367babf288a30043d35f80936f9bfb37f8355b32",
                "sha256:40e1ce476a7804b0fb74bcfa80b0a2206ea6a882938eaba917f7a0f004b42502",
                "sha256:41e0051336807468be450d52b8edd12ac60bebaa97fe10c8b660f116e50b30e4",
                "sha256:4390e9ce199fc1951fcfa65795f239a8a4944117b5935a9317fb320e7767b40f",
                "sha256:502526a2cbfa431d9fc2a079bdd9061a2397b842bb6bc4239bb176da00993812",
                "sha256:51e0e543a33ed92db9f5ef69a0356e0b1a7a6b6a71b80df99f1d181ae5875636",
                "sha256:57751894f6618fd4308ed8e0c36c333e2f5469744c34729a27532b3db106ee20",
                "sha256:5d77adcd56a42d00cc1be30843d3426aa4e660cab4a61021dc84467123f7a00c",
                "sha256:655a83b0058ba47c7c52e4e2df5ecf484c1b0b0349805896dd350cbc416bdd91",
                "sha256:68943d632f1f9e3dce98908e873b3a090f6cba1cbb1b892a9e8d97c938871fbe",
                "sha256:6c738585d7a9961d8c2821a1eb3dcb978d14e238be3d70f0a706f7fa9316946b",
                "sha256:73bd195e43f3fadecfc50c682f5055ec32ee2c933243cafbfdec69ab1aa87cad",
                "sha256:772a91fc0e03eaf922c63badeca75e91baa80fe2f5f87bdaed4280662aad25c9",
                "sha256:77ec3e7be99629898c9a6d24a09de089fa5356ee408cdffffe62d67bb75fdd72",
                "sha256:7db8b751ad307d7cf238f02101e8e36a128a6cb199326e867d1398067381bff4",
                "sha256:801ec82e4188e935c7f5e22e006d01611d6b41661bba9fe45b60e7ac1a8f84de",
                "sha256:82409ffe29d70fd733ff3c1025a602abb3e67405d41b9403b00b01debc4c9a29",
                "sha256:828989c45c245518065a110434246c44a56a8b2b2f6347d1409c787e6e4651ee",
                "sha256:829f97c8e258593b9daa80638aee3789b7df9da5cf1336035016d76f03b8860c",
                "sha256:871b72c3643e516db4ecf20efe735deb27fe30ca17800e661d769faab45a18d7",
                "sha256:89dca0ce00a2b49024df6325925555d406b14aa3efc2f752dbb5940c52c56b11",
                "sha256:90fb88843d3902fe7c9586d439d1e8c05258f41da473952aa8b328d8b907498c",
                "sha256:97aabc5c50312afa5e0a2b07c17d4ac5e865b250986f8afe2b02d772567a380c",
                "sha256:9aaa107275d8527e9d6e7670b64aabaaa36e5b6bd71a1015ddd21da0d4e06448",
                "sha256:9f47eabcd2ded7698106b05c2c338672d16a6f2a485e74481f524e2a23c2794b",
                "sha256:a0a06a052c5f37b4ed81c613a455a81f9a3a69429b4fd7bb913c3fa98abefc20",
                "sha256:ab388aaa3f6ce52ac1cb8e122c4bd46657c15905904b3120a6248b5b8b0bc228",
                "sha256:ad58d27a5b0262c0c19b47d54c5802db9b34d38bbf886665b626aff83c74bacd",
                "sha256:ae5331c23ce118c53b172fa64a4c037eb83c9165aba3a7ba9ddd3ec9fa64a699",
                "sha256:af0372acb5d3598f36ec0914deed2a63f6bcdb7b606da04dc19a88d31bf0c05b",
                "sha256:afa4107d1b306cdf8953edde0534562607fe8811b6c4d9a486298ad31de733b2",
                "sha256:b03ae6f1a1878233ac620c98f3459f79fd77c7e3c2b20d460284e1fb370557d4",
                "sha256:b0915e734b33a474d76c28e07292f196cdf2a590a0d25bcc06e64e545f2d146c",
                "sha256:b4012d06c846dc2b80651b120e2cdd787b013deb39c09f407727ba90015c684f",
                "sha256:b472b5ea442148d1c3e2209f20f1e0bb0eb556538690fa70b5e1f79fa0ba8dc2",
                "sha256:b59430236b8e58840a0dfb4099a0e8717ffb779c952426a69ae435ca1f57210c",
                "sha256:b90f7616ea170e92820775ed47e136208e04c967271c9ef615b6fbd08d9af0e3",
                "sha256:b9a65733d103311331875c1dca05cb4606997fd33d6acfed695b1232ba1df193",
                "sha256:bac18ab8d2d1e6b4ce25e3424f709aceef668347db8637c2296bcf41acb7cf48",
                "sha256:bca31dd6014cb8b0b2db1e46081b0ca7d936f856da3b39744aef499db5d84d02",
                "sha256:be55f8457cd1eac957af0c3f5ece7bc3f033f89b114ef30f710882717670b2a8",
                "sha256:c7025dce65566eb6e89f56c9509d4f628fddcedb131d9465cacd3d8bac337e7e",
                "sha256:c935a22a557a560108d780f9a0fc426dd7459940dc54faa49d83249c8d3e760f",
                "sha256:dbb8e7f2abee51cef77673be97760abff1674ed32847ce04b4af90f610144c7b",
                "sha256:e6ea6b856a74d560d9326c0f5895ef8050126acfdc7ca08ad703eb0081e82b74",
                "sha256:ebf2029c1f464c59b8bdbe5143c79fa2045a581ac53679733d3a91d400ff9efb",
                "sha256:f1ff2ee69f10f13a9596480335f406dd1f70c3650349e2be67ca3139280cade0"
            ],
            "index": "pypi",
            "version": "==9.3.0"
        },
        "progressbar": {
            "hashes": [
                "sha256:5d81cb529da2e223b53962afd6c8ca0f05c6670e40309a7219eacc36af9b6c63"
            ],
            "index": "pypi",
            "version": "==2.5"
        },
        "prompt-toolkit": {
            "hashes": [
                "sha256:535c29c31216c77302877d5120aef6c94ff573748a5b5ca5b1b1f76f5e700c73",
                "sha256:ced598b222f6f4029c0800cefaa6a17373fb580cd093223003475ce32805c35b"
            ],
            "markers": "python_full_version >= '3.6.2'",
            "version": "==3.0.33"
        },
        "ptyprocess": {
            "hashes": [
                "sha256:4b41f3967fce3af57cc7e94b888626c18bf37a083e3651ca8feeb66d492fef35",
                "sha256:5c5d0a3b48ceee0b48485e0c26037c0acd7d29765ca3fbb5cb3831d347423220"
            ],
            "version": "==0.7.0"
        },
        "pycairo": {
            "hashes": [
                "sha256:2c143183280feb67f5beb4e543fd49990c28e7df427301ede04fc550d3562e84"
            ],
            "index": "pypi",
            "version": "==1.19.1"
        },
        "pydub": {
            "hashes": [
                "sha256:07d5eec305110cf1dfe1a0c45eed84bc31f889b1b19feab3859a05dc45b70e7b",
                "sha256:c703e220917be686fc83d24231849a11c95ba540963ffb3ae5bb322788974d79"
            ],
            "index": "pypi",
            "version": "==0.23.0"
        },
        "pyglet": {
            "hashes": [
                "sha256:4d00e067451f3b10fd51b69764fddab65444372a2da344ee2b35f0a8e6ebf005",
                "sha256:7ce2eb5a299cda92fcc099f533520cdaa2f157a175d6c1442a2ae4d769284d2d"
            ],
            "version": "==1.5.27"
        },
        "pygments": {
            "hashes": [
                "sha256:56a8508ae95f98e2b9bdf93a6be5ae3f7d8af858b43e02c5a2ff083726be40c1",
                "sha256:f643f331ab57ba3c9d89212ee4a2dabc6e94f117cf4eefde99a0574720d14c42"
            ],
            "markers": "python_version >= '3.6'",
            "version": "==2.13.0"
        },
        "pyreadline": {
            "hashes": [
                "sha256:4530592fc2e85b25b1a9f79664433da09237c1a270e4d78ea5aa3a2c7229e2d1",
                "sha256:65540c21bfe14405a3a77e4c085ecfce88724743a4ead47c66b84defcf82c32e",
                "sha256:9ce5fa65b8992dfa373bddc5b6e0864ead8f291c94fbfec05fbd5c836162e67b"
            ],
            "index": "pypi",
            "version": "==2.1"
        },
        "pyrr": {
            "hashes": [
                "sha256:3c0f7b20326e71f706a610d58f2190fff73af01eef60c19cb188b186f0ec7e1d",
                "sha256:d8af23fb9bb29262405845e1c98f7339fbba5e49323b98528bd01160a75c65ac"
            ],
            "version": "==0.10.3"
        },
        "scipy": {
            "hashes": [
                "sha256:03b1e0775edbe6a4c64effb05fff2ce1429b76d29d754aa5ee2d848b60033351",
                "sha256:09d008237baabf52a5d4f5a6fcf9b3c03408f3f61a69c404472a16861a73917e",
                "sha256:10325f0ffac2400b1ec09537b7e403419dcd25d9fee602a44e8a32119af9079e",
                "sha256:1db9f964ed9c52dc5bd6127f0dd90ac89791daa690a5665cc01eae185912e1ba",
                "sha256:409846be9d6bdcbd78b9e5afe2f64b2da5a923dd7c1cd0615ce589489533fdbb",
                "sha256:4907040f62b91c2e170359c3d36c000af783f0fa1516a83d6c1517cde0af5340",
                "sha256:6c0543f2fdd38dee631fb023c0f31c284a532d205590b393d72009c14847f5b1",
                "sha256:826b9f5fbb7f908a13aa1efd4b7321e36992f5868d5d8311c7b40cf9b11ca0e7",
                "sha256:a7695a378c2ce402405ea37b12c7a338a8755e081869bd6b95858893ceb617ae",
                "sha256:a84c31e8409b420c3ca57fd30c7589378d6fdc8d155d866a7f8e6e80dec6fd06",
                "sha256:adadeeae5500de0da2b9e8dd478520d0a9945b577b2198f2462555e68f58e7ef",
                "sha256:b283a76a83fe463c9587a2c88003f800e08c3929dfbeba833b78260f9c209785",
                "sha256:c19a7389ab3cd712058a8c3c9ffd8d27a57f3d84b9c91a931f542682bb3d269d",
                "sha256:c3bb4bd2aca82fb498247deeac12265921fe231502a6bc6edea3ee7fe6c40a7a",
                "sha256:c5ea60ece0c0c1c849025bfc541b60a6751b491b6f11dd9ef37ab5b8c9041921",
                "sha256:db61a640ca20f237317d27bc658c1fc54c7581ff7f6502d112922dc285bdabee"
            ],
            "index": "pypi",
            "version": "==1.3.0"
        },
        "setuptools": {
            "hashes": [
                "sha256:6211d2f5eddad8757bd0484923ca7c0a6302ebc4ab32ea5e94357176e0ca0840",
                "sha256:d1eebf881c6114e51df1664bc2c9133d022f78d12d5f4f665b9191f084e2862d"
            ],
            "markers": "python_version >= '3.7'",
            "version": "==65.6.0"
        },
        "six": {
            "hashes": [
                "sha256:1e61c37477a1626458e36f7b1d82aa5c9b094fa4802892072e49de9c60c4c926",
                "sha256:8abb2f1d86890a2dfb989f9a77cfcfd3e47c2a354b01111771326f8aa26e0254"
            ],
            "markers": "python_version >= '2.7' and python_version not in '3.0, 3.1, 3.2, 3.3'",
            "version": "==1.16.0"
        },
        "tqdm": {
            "hashes": [
                "sha256:536e5a0205b6401d8aaf04b21469949c178dbe3642e3c76d3bb494a83cb22a10",
                "sha256:60bbaa6700e87a250f6abcbbd7ddb33243ad592240ba46afce5305b15b406fad"
            ],
            "index": "pypi",
            "version": "==4.24.0"
        },
        "traitlets": {
            "hashes": [
                "sha256:1201b2c9f76097195989cdf7f65db9897593b0dfd69e4ac96016661bb6f0d30f",
                "sha256:b122f9ff2f2f6c1709dab289a05555be011c87828e911c0cf4074b85cb780a79"
            ],
            "markers": "python_version >= '3.7'",
            "version": "==5.5.0"
        },
        "wcwidth": {
            "hashes": [
                "sha256:beb4802a9cebb9144e99086eff703a642a13d6a0052920003a230f3294bbe784",
                "sha256:c4d647b99872929fdb7bdcaa4fbe7f01413ed3d98077df798530e5b04f116c83"
            ],
            "version": "==0.2.5"
        }
    },
    "develop": {
        "autopep8": {
            "hashes": [
                "sha256:cc6be1dfd46f2c7fa00e84a357f1a269683985b09eaffb47654ed551194399eb"
            ],
            "index": "pypi",
            "version": "==1.5.1"
        },
        "pycodestyle": {
            "hashes": [
                "sha256:2c9607871d58c76354b697b42f5d57e1ada7d261c261efac224b664affdc5785",
                "sha256:d1735fc58b418fd7c5f658d28d943854f8a849b01a5d0a1e6f3f3fdd0166804b"
            ],
            "markers": "python_version >= '3.6'",
            "version": "==2.9.1"
        }
    }
}
