{
    "_meta": {
        "hash": {
            "sha256": "2fccd86d913f9463aad90c7731558fa096f30adaf70d27cca198f58ed93a6592"
        },
        "pipfile-spec": 6,
        "requires": {
            "python_version": "3.7"
        },
        "sources": [
            {
                "name": "pypi",
                "url": "https://pypi.org/simple",
                "verify_ssl": true
            }
        ]
    },
    "default": {
        "argparse": {
            "hashes": [
                "sha256:62b089a55be1d8949cd2bc7e0df0bddb9e028faefc8c32038cc84862aefdd6e4",
                "sha256:c31647edb69fd3d465a847ea3157d37bed1f95f19760b11a47aa91c04b666314"
            ],
            "index": "pypi",
            "version": "==1.4.0"
        },
        "backcall": {
            "hashes": [
                "sha256:5cbdbf27be5e7cfadb448baf0aa95508f91f2bbc6c6437cd9cd06e2a4c215e1e",
                "sha256:fbbce6a29f263178a1f7915c1940bde0ec2b2a967566fe1c65c1dfb7422bd255"
            ],
            "version": "==0.2.0"
        },
        "colour": {
            "hashes": [
                "sha256:33f6db9d564fadc16e59921a56999b79571160ce09916303d35346dddc17978c",
                "sha256:af20120fefd2afede8b001fbef2ea9da70ad7d49fafdb6489025dae8745c3aee"
            ],
            "index": "pypi",
            "version": "==0.1.5"
        },
        "decorator": {
            "hashes": [
                "sha256:637996211036b6385ef91435e4fae22989472f9d571faba8927ba8253acbc330",
                "sha256:b8c3f85900b9dc423225913c5aace94729fe1fa9763b38939a95226f02d37186"
            ],
            "markers": "python_version >= '3.5'",
            "version": "==5.1.1"
        },
        "glcontext": {
            "hashes": [
                "sha256:088be0e62c874a376b3eecc95fbe6b8c469b97087696232c616b70e89b5cdf52",
                "sha256:09891760b2027a3a690b0f506d82ac34ed0abd58fe54ff65cf8816df4398d75f",
                "sha256:1348b3e82e92d04f1ddc6ebd08210951f4c37c0f2b9334adf00c43d84763ea45",
                "sha256:1af56c80d0b28bdb7e0cef879986e95fddfe9e8f2c16cd7ae9839e7202483776",
                "sha256:2286d4fe22a95147a917cb887a2c298f37ec56ef57c52e5969a56463f7540cb4",
                "sha256:2559a9a83f53de9f6cbc79a96b97c62617b990d6828b96d6d8cf6ec2883e65df",
                "sha256:2669694475924e283b3c429bf53c5867e0fe7dd3fc674f857f13ebd566eea71e",
                "sha256:2da4f13cff095e637bf817e3f41dcc28c3ee9dca9544a0c6223196705a3b8c43",
                "sha256:2ff68c5d08e00246967440c2b72816bcbd01c8cde0ad30b979f0fb1149e7ebb8",
                "sha256:31146dcf54e3538dbffce5ee6b6f92710ed69d513a1838a1eba39f727c7d330a",
                "sha256:3a80321b5b081a9c8836680e460f6b52b0bbfbe1aae722ad402207a8488d40e4",
                "sha256:418a89c8563eba061e3e8a26eafa4d720199d3945a9e46548d3bd13bfdc72f73",
                "sha256:44d3ef950e39930c6aefc038c9f43f1e2b6bc5c03914a4c68ac187bdc8e7636c",
                "sha256:45b27269fdaff3c937166b8f06b625bf74fa13c8d3e5eb2d4a7c316d94e345aa",
                "sha256:4e4ae8a67d6fd2fa3a4019e9b476be2e5a35aeff2a995aa23019d8cf47a03ebb",
                "sha256:52be87a32884663525d2ce62b2f3af73b6e27271e3a7beb646da20afb2c47f7f",
                "sha256:6d39a7c042198eb52986771cbf30837d5b29247cb915b162474a28eb7c40f3dc",
                "sha256:7107df7f83abe00637ea27fa33e75b7407e3c819a06cb8e16dfbe4be25023b20",
                "sha256:773850860e81b219db9593e54955b6f3b2b3ccd9f699aaf693214b353cc053e5",
                "sha256:7a7edda12bab73ff9520a2a980292b1d82e432a7008ff545e24032248a746f77",
                "sha256:86bdd828320144a70d6687e63dd0132dbcfc0723c86aa7c214dfd78998eedca1",
                "sha256:929c395fd22e648929e0e959865e7dae3c0c113c0dbb0a221523aa1450ff3580",
                "sha256:9439f79b4cbff5102ff609e1fc8b507c808bc8a17dcf5764d6d3736c0aeea8df",
                "sha256:94f1881a7e1e64c6a0c2d3eb5038e12bd18176c3e4c922c93ecbcdf069cfedcc",
                "sha256:95d1cf0ea4cb7868a336746ac4fdbb6e17afb98fcdbd04c2aa16f52bf035f213",
                "sha256:9ab27d42e2247defd047b067b011c41e46a2fa23b679d89203d426cc074fbc08",
                "sha256:a1046141afc30b60f92bc9707a5537b5d08788c2c7027fccc1aafafaff33be2f",
                "sha256:abfc26acc5397b07d7b7e3e463b6e318de7512faddbb52a344afb5b07c6ba5ed",
                "sha256:accb0d14d5aff08af629937361cdfef07261a521479dcb228214a90f371460e2",
                "sha256:b19bdcc17e298991e54185235f0a9d1158bd683077353f31b3df14b577d6ab2f",
                "sha256:b7df77de7b4b34b24b0d528c48e298876c9072bdf70f31afb899081dd95fc625",
                "sha256:cd5b3dbba97328d3dbc8d00c74aedb1b67462e0f6c2dfee9123015047dac86ef",
                "sha256:cedf181a5a05feb710c12557b988c8755a25674f41133bde02504a42f3b8ddb3",
                "sha256:d6e90642e102de51015dcfebe656dffa1339834db3215b5ea44f6fa7109f5f54",
                "sha256:d7e6063ba81b4028af3d8960376f26eac63b3393677d19c805678febfb908e94",
                "sha256:db3f3a3df661f0c2ac2994b6012650d997a9e3520abe543eb6f8f71567facb26",
                "sha256:dfda32c812a739665f2bc91252b75a86d8256cfea75279a5d56b434e1df36fc8",
                "sha256:f16493a72d9caab2c707a1f916f6dea5349c3ee8d293f39cbc6617c3f9fa68fe",
                "sha256:f20a7065b3191f2244579ea19c0cb6967b5c623142c585616f5dbdab508e7aa4",
                "sha256:f5aadb61aece5648f9b82a6cd9c83074b44bc3568440175d7aac6533add7486b",
                "sha256:f7eb4600ab24fa5f7007833bf9f309f78e6f31240d7b80f7b1beae76e21800a7",
                "sha256:f8809ebf227203405f7dea672859d996168e53aac2b65e2dbb99f860632c3d33",
                "sha256:f9472db9e98f92ed91f86f0838419071ec3e33b4c99e1b910c5beff677df14f5",
                "sha256:f9fe81003daf6a0b43e6467a7d53765c3703dc9f684b30e50c95d9a2b11a97b1"
            ],
            "version": "==2.3.5"
        },
        "ipython": {
            "hashes": [
                "sha256:ca478e52ae1f88da0102360e57e528b92f3ae4316aabac80a2cd7f7ab2efb48a",
                "sha256:eb8d075de37f678424527b5ef6ea23f7b80240ca031c2dd6de5879d687a65333"
            ],
            "index": "pypi",
            "version": "==7.13.0"
        },
        "jedi": {
            "hashes": [
                "sha256:637c9635fcf47945ceb91cd7f320234a7be540ded6f3e99a50cb6febdfd1ba8d",
                "sha256:74137626a64a99c8eb6ae5832d99b3bdd7d29a3850fe2aa80a4126b2a7d949ab"
            ],
            "markers": "python_version >= '3.6'",
            "version": "==0.18.1"
        },
        "mapbox-earcut": {
            "hashes": [
                "sha256:159f607c330b58c0d80bda2fe3b904a30d3f6cb360598b196f4090968231c491",
                "sha256:5620717ae260d88ea4847a11147a1d31f7e4d0149d972eee7b6d8478062cb552",
                "sha256:662207e5627deb10fb464ef6b73fdd3621d6bf65cbe6cdf0af734fbf8cca3b9c",
                "sha256:7efdc4a4f2ac96bf26087043ba14cb80df0ec6829539afa725e6f633a373995f",
                "sha256:c72dbde597b4fd8b0512bb3e5354dbc341e5082342709ad7244cc02a54242160",
                "sha256:dbddc079b9ba9b458bb5d2ad0bfe0364ae2803b1d9520411e0cf0ee32d5993c8",
                "sha256:e4cbfbc1181d5bb0f37eb0f359531b70bd94d64090b45bfa3c2b03ecaa29ceff",
                "sha256:f310863fedadc6ce9f258a87fe4938c51e596857905970d6c71b2f154f0a3ad3",
                "sha256:f63f9d88c9a35f8ecf18d698ab73af154e900b71eacec9ef716a71fa69da5012",
                "sha256:fab22738446d5b9be77536937aa3a2654f75c3558e224e68f8b188e12aa57d3f"
            ],
            "index": "pypi",
            "version": "==0.12.7"
        },
        "moderngl": {
            "hashes": [
                "sha256:05694556ee40a52492846ed106459592c39a97c0ac0a9c902539437d527d7b6f",
                "sha256:2a72442e99008c46391f485ea255a62b0573483bf5e61082c80803ddc4bd48c0",
                "sha256:45f787c5a5e05b38862d693d433a76843cb716395caaf01c970b14d6004038cf",
                "sha256:46bd2fbea2833be86232b6d2a836428e8b2bac6be6ecb8635c81d947f41977c5",
                "sha256:4f5ae786a2389438714fb8559552853c7355d2585c48855673b35da5949a681a",
                "sha256:5f4b401703f236b9b107681843e07d50c66e5f9f0b9d91ea9a83c5d22f57df16",
                "sha256:63b4eaa9ac1e3f7360ff604a3238cac1ecad041a6cc8519a4982653fbfa8e88c",
                "sha256:6fea9174d0de4d6bf17f149a5228a0385a09adcbd9a2f8af12cd9d569fab4fd0",
                "sha256:7a047e613bed5b6125719e9b652c41d8672eae221c75dcf8f0bcc68f48b2371f",
                "sha256:7df6829badb509486a4fd137404ceffc4b59cab2f71bde4ceea5d09a7c7faa54",
                "sha256:92269e4e1df5ea35e59f93826dec9df73772d51ab729ffcc36263e2c747eb84f",
                "sha256:9fa1f5661335f9404b569f3f7793e0d2bc5ea25e71e11ff40445e5d78d17c0ef",
                "sha256:ac7348d26e6644c3c053ce7955727ac69b22d29a4a8bacfe0710ab57d8b70529",
                "sha256:ba577a79927de9323fa1163814bdbf0b11b17590ab259aa288ec7ffdf8a2e0c9",
                "sha256:be1c62d162a6eea2f4e74f7904ea913247b498d2082d7ec47758155682cbf2c3",
                "sha256:d43e1814067217880b4a52744a2ee2f14886ac67e3a7e06223c5b63d00950a21",
                "sha256:e1df701534c41cab4504cb7d37bf13362debe9ad76e1e651e5a1f4776e8535ff",
                "sha256:e73300076177de2218fb7e4cbe66f61606ce0ed4cbd78c6d05dd8530749d5a42",
                "sha256:f47e8b58138259d6d5251774f38ffa2100a67abd7a8a0ad2bb8353c6c7bd83dc",
                "sha256:f86999a3c2950ccc5adf8f75137061cb2bb2184177b2aab1e87507e4f6001493"
            ],
            "index": "pypi",
            "version": "==5.6.0"
        },
        "moderngl-window": {
            "hashes": [
                "sha256:22b2ecc19eea329e32930870acbf681c2664b181221fcbcd461a475ee02b8864"
            ],
            "index": "pypi",
            "version": "==2.1.0"
        },
        "multipledispatch": {
            "hashes": [
                "sha256:407e6d8c5fa27075968ba07c4db3ef5f02bea4e871e959570eeb69ee39a6565b",
                "sha256:a55c512128fb3f7c2efd2533f2550accb93c35f1045242ef74645fc92a2c3cba",
                "sha256:a7ab1451fd0bf9b92cab3edbd7b205622fb767aeefb4fb536c2e3de9e0a38bea"
            ],
            "version": "==0.6.0"
        },
        "numpy": {
            "hashes": [
                "sha256:0778076e764e146d3078b17c24c4d89e0ecd4ac5401beff8e1c87879043a0633",
                "sha256:141c7102f20abe6cf0d54c4ced8d565b86df4d3077ba2343b61a6db996cefec7",
                "sha256:14270a1ee8917d11e7753fb54fc7ffd1934f4d529235beec0b275e2ccf00333b",
                "sha256:27e11c7a8ec9d5838bc59f809bfa86efc8a4fd02e58960fa9c49d998e14332d5",
                "sha256:2a04dda79606f3d2f760384c38ccd3d5b9bb79d4c8126b67aff5eb09a253763e",
                "sha256:3c26010c1b51e1224a3ca6b8df807de6e95128b0908c7e34f190e7775455b0ca",
                "sha256:52c40f1a4262c896420c6ea1c6fda62cf67070e3947e3307f5562bd783a90336",
                "sha256:6e4f8d9e8aa79321657079b9ac03f3cf3fd067bf31c1cca4f56d49543f4356a5",
                "sha256:7242be12a58fec245ee9734e625964b97cf7e3f2f7d016603f9e56660ce479c7",
                "sha256:7dc253b542bfd4b4eb88d9dbae4ca079e7bf2e2afd819ee18891a43db66c60c7",
                "sha256:94f5bd885f67bbb25c82d80184abbf7ce4f6c3c3a41fbaa4182f034bba803e69",
                "sha256:a89e188daa119ffa0d03ce5123dee3f8ffd5115c896c2a9d4f0dbb3d8b95bfa3",
                "sha256:ad3399da9b0ca36e2f24de72f67ab2854a62e623274607e37e0ce5f5d5fa9166",
                "sha256:b0348be89275fd1d4c44ffa39530c41a21062f52299b1e3ee7d1c61f060044b8",
                "sha256:b5554368e4ede1856121b0dfa35ce71768102e4aa55e526cb8de7f374ff78722",
                "sha256:cbddc56b2502d3f87fda4f98d948eb5b11f36ff3902e17cb6cc44727f2200525",
                "sha256:d79f18f41751725c56eceab2a886f021d70fd70a6188fd386e29a045945ffc10",
                "sha256:dc2ca26a19ab32dc475dbad9dfe723d3a64c835f4c23f625c2b6566ca32b9f29",
                "sha256:dd9bcd4f294eb0633bb33d1a74febdd2b9018b8b8ed325f861fffcd2c7660bb8",
                "sha256:e8baab1bc7c9152715844f1faca6744f2416929de10d7639ed49555a85549f52",
                "sha256:ec31fe12668af687b99acf1567399632a7c47b0e17cfb9ae47c098644ef36797",
                "sha256:f12b4f7e2d8f9da3141564e6737d79016fe5336cc92de6814eba579744f65b0a",
                "sha256:f58ac38d5ca045a377b3b377c84df8175ab992c970a53332fa8ac2373df44ff7"
            ],
            "index": "pypi",
            "version": "==1.16.4"
        },
        "opencv-python": {
            "hashes": [
                "sha256:0495e9247fbbd5d88346bb4d480df27fb4000aa4799b5a15b1735968a94a5189",
                "sha256:078e8ea34d06b3fa459c58a6ce966ef715cc2e913b7bd96a46beb345975aa5d6",
                "sha256:0dbbd0348c8282d4e3cf472a8e2a17785f05c22a55647253fa00b539897f8fcc",
                "sha256:1b302b4721ca2d55ae7e9e80acebd73499c16a82be9bebc563a7937dbd348b2d",
                "sha256:1f035595ef2f296c234c2b8b9659162646b9312afd0cec7ab0217bad915ff068",
                "sha256:1f7fa5433c26c637cf923c59025df12fcd56b2d205da178c7ad6954e6e50912e",
                "sha256:20bd10b6f6f5de1a5e796900ab77ea57366139290f426d2039d3919d8ddf9f1c",
                "sha256:2306ddd98aa52688c9667f8080349d653d465a2b838cbacb19561286046ba1e8",
                "sha256:31945ea9e7324c41be925f2b21fcb523844b2399dc649010f3a3e97825dcfcd0",
                "sha256:36680744ebdc66a9da0a65f1f33ec9cf5d26a98749c5701dc612b334b213997d",
                "sha256:409e3a4c925accd68a5ab1cef21dd04b957c0ee2985db8f075a808dccd6e0f73",
                "sha256:440a093dda50daf093d73aae2dd333c9e4a593cfe7df8cbc298b421d313e263f",
                "sha256:4b0465c3df9dea074583b6b4f8cf22e5902c5c5ec213a479c6c834a8a0191cf7",
                "sha256:4b5902b647e66addfa5218dbc75e7a4de2f46c253ea17b234408f5792cfc8d7f",
                "sha256:4f0a5c098aad4df88ce7dc3828a857921368635e3a961e80431e60f3522a99be",
                "sha256:6df586230f9146afde5b8e2f4511978f8fb6172bf0f47ba290423979baae974d",
                "sha256:6e4fee2ee2bc4d911dad78e2b167da97796879aaade4be3ff42ff1993e250b15",
                "sha256:70f3c6fe31af7c00c60cb91bb7351837ba6c7b3d173b855ca5dbe265b90a1606",
                "sha256:78390d93834b6b7c9d9234dba68ba9c34a966f60e519efd2691e5c367dee7f8e",
                "sha256:81519bba8560c68f587482c157a74cf04d5a2877d4367377d2671e66eb7a3961",
                "sha256:87beeb6ad4ffcd6fbfbb464a8a75c7a1389a0642cc632ecceb504c86139567e3",
                "sha256:a354096290dd57ddb2664e7b21ddb6c6c2f5297cc4d8a402ce3f6a82a24807e3",
                "sha256:a4635e22637181b478d6ad337c94b596c98c16bdbae92ef90514bbf31e30ef3a",
                "sha256:b23359c21c4eb84f28fbe1331723bbf1ebc34125f22480da4b16cfae989a3249",
                "sha256:ba52829eafab59c5260bec012fad0e26bd05389828af0e316e278912c82dab32",
                "sha256:c672596fa261766d6d0cc02377755558b92dee80a64ee8dd6f58f4e56bf7835d",
                "sha256:fd6ac9a11faa5d1cbf014d059dd890ad6f0583f149e780ff7d0d3d47e68438d6"
            ],
            "index": "pypi",
            "version": "==3.4.2.17"
        },
        "parso": {
            "hashes": [
                "sha256:8c07be290bb59f03588915921e29e8a50002acaf2cdc5fa0e0114f91709fafa0",
                "sha256:c001d4636cd3aecdaf33cbb40aebb59b094be2a74c556778ef5576c175e19e75"
            ],
            "markers": "python_version >= '3.6'",
            "version": "==0.8.3"
        },
        "pexpect": {
            "hashes": [
                "sha256:0b48a55dcb3c05f3329815901ea4fc1537514d6ba867a152b581d69ae3710937",
                "sha256:fc65a43959d153d0114afe13997d439c22823a27cefceb5ff35c2178c6784c0c"
            ],
            "markers": "sys_platform != 'win32'",
            "version": "==4.8.0"
        },
        "pickleshare": {
            "hashes": [
                "sha256:87683d47965c1da65cdacaf31c8441d12b8044cdec9aca500cd78fc2c683afca",
                "sha256:9649af414d74d4df115d5d718f82acb59c9d418196b7b4290ed47a12ce62df56"
            ],
            "version": "==0.7.5"
        },
        "pillow": {
            "hashes": [
                "sha256:011233e0c42a4a7836498e98c1acf5e744c96a67dd5032a6f666cc1fb97eab97",
                "sha256:0f29d831e2151e0b7b39981756d201f7108d3d215896212ffe2e992d06bfe049",
                "sha256:12875d118f21cf35604176872447cdb57b07126750a33748bac15e77f90f1f9c",
                "sha256:14d4b1341ac07ae07eb2cc682f459bec932a380c3b122f5540432d8977e64eae",
                "sha256:1c3c33ac69cf059bbb9d1a71eeaba76781b450bc307e2291f8a4764d779a6b28",
                "sha256:1d19397351f73a88904ad1aee421e800fe4bbcd1aeee6435fb62d0a05ccd1030",
                "sha256:253e8a302a96df6927310a9d44e6103055e8fb96a6822f8b7f514bb7ef77de56",
                "sha256:2632d0f846b7c7600edf53c48f8f9f1e13e62f66a6dbc15191029d950bfed976",
                "sha256:335ace1a22325395c4ea88e00ba3dc89ca029bd66bd5a3c382d53e44f0ccd77e",
                "sha256:413ce0bbf9fc6278b2d63309dfeefe452835e1c78398efb431bab0672fe9274e",
                "sha256:5100b45a4638e3c00e4d2320d3193bdabb2d75e79793af7c3eb139e4f569f16f",
                "sha256:514ceac913076feefbeaf89771fd6febde78b0c4c1b23aaeab082c41c694e81b",
                "sha256:528a2a692c65dd5cafc130de286030af251d2ee0483a5bf50c9348aefe834e8a",
                "sha256:6295f6763749b89c994fcb6d8a7f7ce03c3992e695f89f00b741b4580b199b7e",
                "sha256:6c8bc8238a7dfdaf7a75f5ec5a663f4173f8c367e5a39f87e720495e1eed75fa",
                "sha256:718856856ba31f14f13ba885ff13874be7fefc53984d2832458f12c38205f7f7",
                "sha256:7f7609a718b177bf171ac93cea9fd2ddc0e03e84d8fa4e887bdfc39671d46b00",
                "sha256:80ca33961ced9c63358056bd08403ff866512038883e74f3a4bf88ad3eb66838",
                "sha256:80fe64a6deb6fcfdf7b8386f2cf216d329be6f2781f7d90304351811fb591360",
                "sha256:81c4b81611e3a3cb30e59b0cf05b888c675f97e3adb2c8672c3154047980726b",
                "sha256:855c583f268edde09474b081e3ddcd5cf3b20c12f26e0d434e1386cc5d318e7a",
                "sha256:9bfdb82cdfeccec50aad441afc332faf8606dfa5e8efd18a6692b5d6e79f00fd",
                "sha256:a5d24e1d674dd9d72c66ad3ea9131322819ff86250b30dc5821cbafcfa0b96b4",
                "sha256:a9f44cd7e162ac6191491d7249cceb02b8116b0f7e847ee33f739d7cb1ea1f70",
                "sha256:b5b3f092fe345c03bca1e0b687dfbb39364b21ebb8ba90e3fa707374b7915204",
                "sha256:b9618823bd237c0d2575283f2939655f54d51b4527ec3972907a927acbcc5bfc",
                "sha256:cef9c85ccbe9bee00909758936ea841ef12035296c748aaceee535969e27d31b",
                "sha256:d21237d0cd37acded35154e29aec853e945950321dd2ffd1a7d86fe686814669",
                "sha256:d3c5c79ab7dfce6d88f1ba639b77e77a17ea33a01b07b99840d6ed08031cb2a7",
                "sha256:d9d7942b624b04b895cb95af03a23407f17646815495ce4547f0e60e0b06f58e",
                "sha256:db6d9fac65bd08cea7f3540b899977c6dee9edad959fa4eaf305940d9cbd861c",
                "sha256:ede5af4a2702444a832a800b8eb7f0a7a1c0eed55b644642e049c98d589e5092",
                "sha256:effb7749713d5317478bb3acb3f81d9d7c7f86726d41c1facca068a04cf5bb4c",
                "sha256:f154d173286a5d1863637a7dcd8c3437bb557520b01bddb0be0258dcb72696b5",
                "sha256:f25ed6e28ddf50de7e7ea99d7a976d6a9c415f03adcaac9c41ff6ff41b6d86ac"
            ],
            "index": "pypi",
            "version": "==9.0.1"
        },
        "progressbar": {
            "hashes": [
                "sha256:5d81cb529da2e223b53962afd6c8ca0f05c6670e40309a7219eacc36af9b6c63"
            ],
            "index": "pypi",
            "version": "==2.5"
        },
        "prompt-toolkit": {
            "hashes": [
                "sha256:30129d870dcb0b3b6a53efdc9d0a83ea96162ffd28ffe077e94215b233dc670c",
                "sha256:9f1cd16b1e86c2968f2519d7fb31dd9d669916f515612c269d14e9ed52b51650"
            ],
            "markers": "python_full_version >= '3.6.2'",
            "version": "==3.0.28"
        },
        "ptyprocess": {
            "hashes": [
                "sha256:4b41f3967fce3af57cc7e94b888626c18bf37a083e3651ca8feeb66d492fef35",
                "sha256:5c5d0a3b48ceee0b48485e0c26037c0acd7d29765ca3fbb5cb3831d347423220"
            ],
            "version": "==0.7.0"
        },
        "pycairo": {
            "hashes": [
                "sha256:2c143183280feb67f5beb4e543fd49990c28e7df427301ede04fc550d3562e84"
            ],
            "index": "pypi",
            "version": "==1.19.1"
        },
        "pydub": {
            "hashes": [
                "sha256:07d5eec305110cf1dfe1a0c45eed84bc31f889b1b19feab3859a05dc45b70e7b",
                "sha256:c703e220917be686fc83d24231849a11c95ba540963ffb3ae5bb322788974d79"
            ],
            "index": "pypi",
            "version": "==0.23.0"
        },
        "pyglet": {
            "hashes": [
                "sha256:19d1e4a5fba4c31861fd38664e96f60e3f05aa64c55ac7cebc350f6793bd9548",
                "sha256:5630dc36ea00fdc11ad3a8394c676417ec365b25fdd9af57a107e19adc411b0f"
            ],
            "version": "==1.5.22"
        },
        "pygments": {
            "hashes": [
                "sha256:44238f1b60a76d78fc8ca0528ee429702aae011c265fe6a8dd8b63049ae41c65",
                "sha256:4e426f72023d88d03b2fa258de560726ce890ff3b630f88c21cbb8b2503b8c6a"
            ],
            "markers": "python_version >= '3.5'",
            "version": "==2.11.2"
        },
        "pyreadline": {
            "hashes": [
                "sha256:4530592fc2e85b25b1a9f79664433da09237c1a270e4d78ea5aa3a2c7229e2d1",
                "sha256:65540c21bfe14405a3a77e4c085ecfce88724743a4ead47c66b84defcf82c32e",
                "sha256:9ce5fa65b8992dfa373bddc5b6e0864ead8f291c94fbfec05fbd5c836162e67b"
            ],
            "index": "pypi",
            "version": "==2.1"
        },
        "pyrr": {
            "hashes": [
                "sha256:3c0f7b20326e71f706a610d58f2190fff73af01eef60c19cb188b186f0ec7e1d",
                "sha256:d8af23fb9bb29262405845e1c98f7339fbba5e49323b98528bd01160a75c65ac"
            ],
            "version": "==0.10.3"
        },
        "scipy": {
            "hashes": [
                "sha256:03b1e0775edbe6a4c64effb05fff2ce1429b76d29d754aa5ee2d848b60033351",
                "sha256:09d008237baabf52a5d4f5a6fcf9b3c03408f3f61a69c404472a16861a73917e",
                "sha256:10325f0ffac2400b1ec09537b7e403419dcd25d9fee602a44e8a32119af9079e",
                "sha256:1db9f964ed9c52dc5bd6127f0dd90ac89791daa690a5665cc01eae185912e1ba",
                "sha256:409846be9d6bdcbd78b9e5afe2f64b2da5a923dd7c1cd0615ce589489533fdbb",
                "sha256:4907040f62b91c2e170359c3d36c000af783f0fa1516a83d6c1517cde0af5340",
                "sha256:6c0543f2fdd38dee631fb023c0f31c284a532d205590b393d72009c14847f5b1",
                "sha256:826b9f5fbb7f908a13aa1efd4b7321e36992f5868d5d8311c7b40cf9b11ca0e7",
                "sha256:a7695a378c2ce402405ea37b12c7a338a8755e081869bd6b95858893ceb617ae",
                "sha256:a84c31e8409b420c3ca57fd30c7589378d6fdc8d155d866a7f8e6e80dec6fd06",
                "sha256:adadeeae5500de0da2b9e8dd478520d0a9945b577b2198f2462555e68f58e7ef",
                "sha256:b283a76a83fe463c9587a2c88003f800e08c3929dfbeba833b78260f9c209785",
                "sha256:c19a7389ab3cd712058a8c3c9ffd8d27a57f3d84b9c91a931f542682bb3d269d",
                "sha256:c3bb4bd2aca82fb498247deeac12265921fe231502a6bc6edea3ee7fe6c40a7a",
                "sha256:c5ea60ece0c0c1c849025bfc541b60a6751b491b6f11dd9ef37ab5b8c9041921",
                "sha256:db61a640ca20f237317d27bc658c1fc54c7581ff7f6502d112922dc285bdabee"
            ],
            "index": "pypi",
            "version": "==1.3.0"
        },
        "setuptools": {
            "hashes": [
                "sha256:2347b2b432c891a863acadca2da9ac101eae6169b1d3dfee2ec605ecd50dbfe5",
                "sha256:e4f30b9f84e5ab3decf945113119649fec09c1fc3507c6ebffec75646c56e62b"
            ],
            "markers": "python_version >= '3.7'",
            "version": "==60.9.3"
        },
        "six": {
            "hashes": [
                "sha256:1e61c37477a1626458e36f7b1d82aa5c9b094fa4802892072e49de9c60c4c926",
                "sha256:8abb2f1d86890a2dfb989f9a77cfcfd3e47c2a354b01111771326f8aa26e0254"
            ],
            "markers": "python_version >= '2.7' and python_version not in '3.0, 3.1, 3.2, 3.3'",
            "version": "==1.16.0"
        },
        "tqdm": {
            "hashes": [
                "sha256:536e5a0205b6401d8aaf04b21469949c178dbe3642e3c76d3bb494a83cb22a10",
                "sha256:60bbaa6700e87a250f6abcbbd7ddb33243ad592240ba46afce5305b15b406fad"
            ],
            "index": "pypi",
            "version": "==4.24.0"
        },
        "traitlets": {
            "hashes": [
                "sha256:059f456c5a7c1c82b98c2e8c799f39c9b8128f6d0d46941ee118daace9eb70c7",
                "sha256:2d313cc50a42cd6c277e7d7dc8d4d7fedd06a2c215f78766ae7b1a66277e0033"
            ],
            "markers": "python_version >= '3.7'",
            "version": "==5.1.1"
        },
        "wcwidth": {
            "hashes": [
                "sha256:beb4802a9cebb9144e99086eff703a642a13d6a0052920003a230f3294bbe784",
                "sha256:c4d647b99872929fdb7bdcaa4fbe7f01413ed3d98077df798530e5b04f116c83"
            ],
            "version": "==0.2.5"
        }
    },
    "develop": {
        "autopep8": {
            "hashes": [
                "sha256:cc6be1dfd46f2c7fa00e84a357f1a269683985b09eaffb47654ed551194399eb"
            ],
            "index": "pypi",
            "version": "==1.5.1"
        },
        "pycodestyle": {
            "hashes": [
                "sha256:720f8b39dde8b293825e7ff02c475f3077124006db4f440dcbc9a20b76548a20",
                "sha256:eddd5847ef438ea1c7870ca7eb78a9d47ce0cdb4851a5523949f2601d0cbbe7f"
            ],
            "markers": "python_version >= '2.7' and python_version not in '3.0, 3.1, 3.2, 3.3, 3.4'",
            "version": "==2.8.0"
        }
    }
}
